
Microsoft Visual Studio Solution File, Format Version 12.00
# Visual Studio Version 17
VisualStudioVersion = 17.13.35806.99 d17.13
MinimumVisualStudioVersion = 10.0.40219.1
Project("{FAE04EC0-301F-11D3-BF4B-00C04F79EFBC}") = "TesteMercadoLibre", "TesteMercadoLibre\TesteMercadoLibre.csproj", "{591AE245-B9CB-40D8-A002-810671D6C0D3}"
EndProject
Global
	GlobalSection(SolutionConfigurationPlatforms) = preSolution
		Debug|Any CPU = Debug|Any CPU
		Release|Any CPU = Release|Any CPU
	EndGlobalSection
	GlobalSection(ProjectConfigurationPlatforms) = postSolution
		{591AE245-B9CB-40D8-A002-810671D6C0D3}.Debug|Any CPU.ActiveCfg = Debug|Any CPU
		{591AE245-B9CB-40D8-A002-810671D6C0D3}.Debug|Any CPU.Build.0 = Debug|Any CPU
		{591AE245-B9CB-40D8-A002-810671D6C0D3}.Release|Any CPU.ActiveCfg = Release|Any CPU
		{591AE245-B9CB-40D8-A002-810671D6C0D3}.Release|Any CPU.Build.0 = Release|Any CPU
	EndGlobalSection
	GlobalSection(SolutionProperties) = preSolution
		HideSolutionNode = FALSE
	EndGlobalSection
	GlobalSection(ExtensibilityGlobals) = postSolution
		SolutionGuid = {FF440E41-EDC4-4908-8FD5-0681671EB3FD}
	EndGlobalSection
EndGlobal
